
Microsoft Visual Studio Solution File, Format Version 12.00
# Visual Studio 14
VisualStudioVersion = 14.0.23107.0
MinimumVisualStudioVersion = 10.0.40219.1
Project("{FAE04EC0-301F-11D3-BF4B-00C04F79EFBC}") = "My project 1", "My project 1\My project 1.csproj", "{13B0409A-1FBB-4501-BBA8-9614788AFB6E}"
EndProject
Global
	GlobalSection(SolutionConfigurationPlatforms) = preSolution
		Debug|Any CPU = Debug|Any CPU
		Release|Any CPU = Release|Any CPU
	EndGlobalSection
	GlobalSection(ProjectConfigurationPlatforms) = postSolution
		{13B0409A-1FBB-4501-BBA8-9614788AFB6E}.Debug|Any CPU.ActiveCfg = Debug|Any CPU
		{13B0409A-1FBB-4501-BBA8-9614788AFB6E}.Debug|Any CPU.Build.0 = Debug|Any CPU
		{13B0409A-1FBB-4501-BBA8-9614788AFB6E}.Release|Any CPU.ActiveCfg = Release|Any CPU
		{13B0409A-1FBB-4501-BBA8-9614788AFB6E}.Release|Any CPU.Build.0 = Release|Any CPU
	EndGlobalSection
	GlobalSection(SolutionProperties) = preSolution
		HideSolutionNode = FALSE
	EndGlobalSection
EndGlobal
